PODS:
  - AFNetworking (2.5.2):
    - AFNetworking/NSURLConnection (= 2.5.2)
    - AFNetworking/NSURLSession (= 2.5.2)
    - AFNetworking/Reachability (= 2.5.2)
    - AFNetworking/Security (= 2.5.2)
    - AFNetworking/Serialization (= 2.5.2)
    - AFNetworking/UIKit (= 2.5.2)
  - AFNetworking/NSURLConnection (2.5.2):
    - AFNetworking/Reachability
    - AFNetworking/Security
    - AFNetworking/Serialization
  - AFNetworking/NSURLSession (2.5.2):
    - AFNetworking/Reachability
    - AFNetworking/Security
    - AFNetworking/Serialization
  - AFNetworking/Reachability (2.5.2)
  - AFNetworking/Security (2.5.2)
  - AFNetworking/Serialization (2.5.2)
  - AFNetworking/UIKit (2.5.2):
    - AFNetworking/NSURLConnection
    - AFNetworking/NSURLSession
  - Harpy (3.4.7)
  - IQKeyboardManager (3.2.2)

DEPENDENCIES:
  - AFNetworking (~> 2.0)
  - Harpy
  - IQKeyboardManager

SPEC CHECKSUMS:
  AFNetworking: fefbce9660acb17f48ae0011292d4da0f457bf36
  Harpy: a0cdfe9dbfb444dae424006a16859183d56ef532
  IQKeyboardManager: 99df8006864663a4126a77b9a2f7ea70077eff31

PODFILE CHECKSUM: f50748793c7c85e4fd49c20101c67e05c57d232b

COCOAPODS: 1.0.1
